// !$*UTF8*$!
{
	archiveVersion = 1;
	classes = {
	};
	objectVersion = 50;
	objects = {

/* Begin PBXBuildFile section */
		8E2BCB8A22CB04F1003CBC1A /* AppDelegate.swift in Sources */ = {isa = PBXBuildFile; fileRef = 8E2BCB8922CB04F1003CBC1A /* AppDelegate.swift */; };
		8E2BCB8C22CB04F1003CBC1A /* ViewController.swift in Sources */ = {isa = PBXBuildFile; fileRef = 8E2BCB8B22CB04F1003CBC1A /* ViewController.swift */; };
		8E2BCB8F22CB04F1003CBC1A /* Main.storyboard in Resources */ = {isa = PBXBuildFile; fileRef = 8E2BCB8D22CB04F1003CBC1A /* Main.storyboard */; };
		8E2BCB9122CB04F3003CBC1A /* Assets.xcassets in Resources */ = {isa = PBXBuildFile; fileRef = 8E2BCB9022CB04F3003CBC1A /* Assets.xcassets */; };
		8E2BCB9422CB04F3003CBC1A /* LaunchScreen.storyboard in Resources */ = {isa = PBXBuildFile; fileRef = 8E2BCB9222CB04F3003CBC1A /* LaunchScreen.storyboard */; };
		8E2BCB9F22CB04F3003CBC1A /* CustomeBadgeSegmentDemoTests.swift in Sources */ = {isa = PBXBuildFile; fileRef = 8E2BCB9E22CB04F3003CBC1A /* CustomeBadgeSegmentDemoTests.swift */; };
		8E2BCBAA22CB04F3003CBC1A /* CustomeBadgeSegmentDemoUITests.swift in Sources */ = {isa = PBXBuildFile; fileRef = 8E2BCBA922CB04F3003CBC1A /* CustomeBadgeSegmentDemoUITests.swift */; };
		8E2BCBB822CB0508003CBC1A /* IWBadgeSegment.swift in Sources */ = {isa = PBXBuildFile; fileRef = 8E2BCBB722CB0508003CBC1A /* IWBadgeSegment.swift */; };
/* End PBXBuildFile section */

/* Begin PBXContainerItemProxy section */
		8E2BCB9B22CB04F3003CBC1A /* PBXContainerItemProxy */ = {
			isa = PBXContainerItemProxy;
			containerPortal = 8E2BCB7E22CB04F1003CBC1A /* Project object */;
			proxyType = 1;
			remoteGlobalIDString = 8E2BCB8522CB04F1003CBC1A;
			remoteInfo = CustomeBadgeSegmentDemo;
		};
		8E2BCBA622CB04F3003CBC1A /* PBXContainerItemProxy */ = {
			isa = PBXContainerItemProxy;
			containerPortal = 8E2BCB7E22CB04F1003CBC1A /* Project object */;
			proxyType = 1;
			remoteGlobalIDString = 8E2BCB8522CB04F1003CBC1A;
			remoteInfo = CustomeBadgeSegmentDemo;
		};
/* End PBXContainerItemProxy section */

/* Begin PBXFileReference section */
		8E2BCB8622CB04F1003CBC1A /* CustomeBadgeSegmentDemo.app */ = {isa = PBXFileReference; explicitFileType = wrapper.application; includeInIndex = 0; path = CustomeBadgeSegmentDemo.app; sourceTree = BUILT_PRODUCTS_DIR; };
		8E2BCB8922CB04F1003CBC1A /* AppDelegate.swift */ = {isa = PBXFileReference; lastKnownFileType = sourcecode.swift; path = AppDelegate.swift; sourceTree = "<group>"; };
		8E2BCB8B22CB04F1003CBC1A /* ViewController.swift */ = {isa = PBXFileReference; lastKnownFileType = sourcecode.swift; path = ViewController.swift; sourceTree = "<group>"; };
		8E2BCB8E22CB04F1003CBC1A /* Base */ = {isa = PBXFileReference; lastKnownFileType = file.storyboard; name = Base; path = Base.lproj/Main.storyboard; sourceTree = "<group>"; };
		8E2BCB9022CB04F3003CBC1A /* Assets.xcassets */ = {isa = PBXFileReference; lastKnownFileType = folder.assetcatalog; path = Assets.xcassets; sourceTree = "<group>"; };
		8E2BCB9322CB04F3003CBC1A /* Base */ = {isa = PBXFileReference; lastKnownFileType = file.storyboard; name = Base; path = Base.lproj/LaunchScreen.storyboard; sourceTree = "<group>"; };
		8E2BCB9522CB04F3003CBC1A /* Info.plist */ = {isa = PBXFileReference; lastKnownFileType = text.plist.xml; path = Info.plist; sourceTree = "<group>"; };
		8E2BCB9A22CB04F3003CBC1A /* CustomeBadgeSegmentDemoTests.xctest */ = {isa = PBXFileReference; explicitFileType = wrapper.cfbundle; includeInIndex = 0; path = CustomeBadgeSegmentDemoTests.xctest; sourceTree = BUILT_PRODUCTS_DIR; };
		8E2BCB9E22CB04F3003CBC1A /* CustomeBadgeSegmentDemoTests.swift */ = {isa = PBXFileReference; lastKnownFileType = sourcecode.swift; path = CustomeBadgeSegmentDemoTests.swift; sourceTree = "<group>"; };
		8E2BCBA022CB04F3003CBC1A /* Info.plist */ = {isa = PBXFileReference; lastKnownFileType = text.plist.xml; path = Info.plist; sourceTree = "<group>"; };
		8E2BCBA522CB04F3003CBC1A /* CustomeBadgeSegmentDemoUITests.xctest */ = {isa = PBXFileReference; explicitFileType = wrapper.cfbundle; includeInIndex = 0; path = CustomeBadgeSegmentDemoUITests.xctest; sourceTree = BUILT_PRODUCTS_DIR; };
		8E2BCBA922CB04F3003CBC1A /* CustomeBadgeSegmentDemoUITests.swift */ = {isa = PBXFileReference; lastKnownFileType = sourcecode.swift; path = CustomeBadgeSegmentDemoUITests.swift; sourceTree = "<group>"; };
		8E2BCBAB22CB04F3003CBC1A /* Info.plist */ = {isa = PBXFileReference; lastKnownFileType = text.plist.xml; path = Info.plist; sourceTree = "<group>"; };
		8E2BCBB722CB0508003CBC1A /* IWBadgeSegment.swift */ = {isa = PBXFileReference; fileEncoding = 4; lastKnownFileType = sourcecode.swift; path = IWBadgeSegment.swift; sourceTree = "<group>"; };
/* End PBXFileReference section */

/* Begin PBXFrameworksBuildPhase section */
		8E2BCB8322CB04F1003CBC1A /* Frameworks */ = {
			isa = PBXFrameworksBuildPhase;
			buildActionMask = 2147483647;
			files = (
			);
			runOnlyForDeploymentPostprocessing = 0;
		};
		8E2BCB9722CB04F3003CBC1A /* Frameworks */ = {
			isa = PBXFrameworksBuildPhase;
			buildActionMask = 2147483647;
			files = (
			);
			runOnlyForDeploymentPostprocessing = 0;
		};
		8E2BCBA222CB04F3003CBC1A /* Frameworks */ = {
			isa = PBXFrameworksBuildPhase;
			buildActionMask = 2147483647;
			files = (
			);
			runOnlyForDeploymentPostprocessing = 0;
		};
/* End PBXFrameworksBuildPhase section */

/* Begin PBXGroup section */
		8E2BCB7D22CB04F1003CBC1A = {
			isa = PBXGroup;
			children = (
				8E2BCB8822CB04F1003CBC1A /* CustomeBadgeSegmentDemo */,
				8E2BCB9D22CB04F3003CBC1A /* CustomeBadgeSegmentDemoTests */,
				8E2BCBA822CB04F3003CBC1A /* CustomeBadgeSegmentDemoUITests */,
				8E2BCB8722CB04F1003CBC1A /* Products */,
			);
			sourceTree = "<group>";
		};
		8E2BCB8722CB04F1003CBC1A /* Products */ = {
			isa = PBXGroup;
			children = (
				8E2BCB8622CB04F1003CBC1A /* CustomeBadgeSegmentDemo.app */,
				8E2BCB9A22CB04F3003CBC1A /* CustomeBadgeSegmentDemoTests.xctest */,
				8E2BCBA522CB04F3003CBC1A /* CustomeBadgeSegmentDemoUITests.xctest */,
			);
			name = Products;
			sourceTree = "<group>";
		};
		8E2BCB8822CB04F1003CBC1A /* CustomeBadgeSegmentDemo */ = {
			isa = PBXGroup;
			children = (
				8E2BCB8922CB04F1003CBC1A /* AppDelegate.swift */,
				8E2BCB8B22CB04F1003CBC1A /* ViewController.swift */,
				8E2BCBB722CB0508003CBC1A /* IWBadgeSegment.swift */,
				8E2BCB8D22CB04F1003CBC1A /* Main.storyboard */,
				8E2BCB9022CB04F3003CBC1A /* Assets.xcassets */,
				8E2BCB9222CB04F3003CBC1A /* LaunchScreen.storyboard */,
				8E2BCB9522CB04F3003CBC1A /* Info.plist */,
			);
			path = CustomeBadgeSegmentDemo;
			sourceTree = "<group>";
		};
		8E2BCB9D22CB04F3003CBC1A /* CustomeBadgeSegmentDemoTests */ = {
			isa = PBXGroup;
			children = (
				8E2BCB9E22CB04F3003CBC1A /* CustomeBadgeSegmentDemoTests.swift */,
				8E2BCBA022CB04F3003CBC1A /* Info.plist */,
			);
			path = CustomeBadgeSegmentDemoTests;
			sourceTree = "<group>";
		};
		8E2BCBA822CB04F3003CBC1A /* CustomeBadgeSegmentDemoUITests */ = {
			isa = PBXGroup;
			children = (
				8E2BCBA922CB04F3003CBC1A /* CustomeBadgeSegmentDemoUITests.swift */,
				8E2BCBAB22CB04F3003CBC1A /* Info.plist */,
			);
			path = CustomeBadgeSegmentDemoUITests;
			sourceTree = "<group>";
		};
/* End PBXGroup section */

/* Begin PBXNativeTarget section */
		8E2BCB8522CB04F1003CBC1A /* CustomeBadgeSegmentDemo */ = {
			isa = PBXNativeTarget;
			buildConfigurationList = 8E2BCBAE22CB04F3003CBC1A /* Build configuration list for PBXNativeTarget "CustomeBadgeSegmentDemo" */;
			buildPhases = (
				8E2BCB8222CB04F1003CBC1A /* Sources */,
				8E2BCB8322CB04F1003CBC1A /* Frameworks */,
				8E2BCB8422CB04F1003CBC1A /* Resources */,
			);
			buildRules = (
			);
			dependencies = (
			);
			name = CustomeBadgeSegmentDemo;
			productName = CustomeBadgeSegmentDemo;
			productReference = 8E2BCB8622CB04F1003CBC1A /* CustomeBadgeSegmentDemo.app */;
			productType = "com.apple.product-type.application";
		};
		8E2BCB9922CB04F3003CBC1A /* CustomeBadgeSegmentDemoTests */ = {
			isa = PBXNativeTarget;
			buildConfigurationList = 8E2BCBB122CB04F3003CBC1A /* Build configuration list for PBXNativeTarget "CustomeBadgeSegmentDemoTests" */;
			buildPhases = (
				8E2BCB9622CB04F3003CBC1A /* Sources */,
				8E2BCB9722CB04F3003CBC1A /* Frameworks */,
				8E2BCB9822CB04F3003CBC1A /* Resources */,
			);
			buildRules = (
			);
			dependencies = (
				8E2BCB9C22CB04F3003CBC1A /* PBXTargetDependency */,
			);
			name = CustomeBadgeSegmentDemoTests;
			productName = CustomeBadgeSegmentDemoTests;
			productReference = 8E2BCB9A22CB04F3003CBC1A /* CustomeBadgeSegmentDemoTests.xctest */;
			productType = "com.apple.product-type.bundle.unit-test";
		};
		8E2BCBA422CB04F3003CBC1A /* CustomeBadgeSegmentDemoUITests */ = {
			isa = PBXNativeTarget;
			buildConfigurationList = 8E2BCBB422CB04F3003CBC1A /* Build configuration list for PBXNativeTarget "CustomeBadgeSegmentDemoUITests" */;
			buildPhases = (
				8E2BCBA122CB04F3003CBC1A /* Sources */,
				8E2BCBA222CB04F3003CBC1A /* Frameworks */,
				8E2BCBA322CB04F3003CBC1A /* Resources */,
			);
			buildRules = (
			);
			dependencies = (
				8E2BCBA722CB04F3003CBC1A /* PBXTargetDependency */,
			);
			name = CustomeBadgeSegmentDemoUITests;
			productName = CustomeBadgeSegmentDemoUITests;
			productReference = 8E2BCBA522CB04F3003CBC1A /* CustomeBadgeSegmentDemoUITests.xctest */;
			productType = "com.apple.product-type.bundle.ui-testing";
		};
/* End PBXNativeTarget section */

/* Begin PBXProject section */
		8E2BCB7E22CB04F1003CBC1A /* Project object */ = {
			isa = PBXProject;
			attributes = {
				LastSwiftUpdateCheck = 1020;
				LastUpgradeCheck = 1020;
				ORGANIZATIONNAME = tezwez;
				TargetAttributes = {
					8E2BCB8522CB04F1003CBC1A = {
						CreatedOnToolsVersion = 10.2.1;
					};
					8E2BCB9922CB04F3003CBC1A = {
						CreatedOnToolsVersion = 10.2.1;
						TestTargetID = 8E2BCB8522CB04F1003CBC1A;
					};
					8E2BCBA422CB04F3003CBC1A = {
						CreatedOnToolsVersion = 10.2.1;
						TestTargetID = 8E2BCB8522CB04F1003CBC1A;
					};
				};
			};
			buildConfigurationList = 8E2BCB8122CB04F1003CBC1A /* Build configuration list for PBXProject "CustomeBadgeSegmentDemo" */;
			compatibilityVersion = "Xcode 9.3";
			developmentRegion = en;
			hasScannedForEncodings = 0;
			knownRegions = (
				en,
				Base,
			);
			mainGroup = 8E2BCB7D22CB04F1003CBC1A;
			productRefGroup = 8E2BCB8722CB04F1003CBC1A /* Products */;
			projectDirPath = "";
			projectRoot = "";
			targets = (
				8E2BCB8522CB04F1003CBC1A /* CustomeBadgeSegmentDemo */,
				8E2BCB9922CB04F3003CBC1A /* CustomeBadgeSegmentDemoTests */,
				8E2BCBA422CB04F3003CBC1A /* CustomeBadgeSegmentDemoUITests */,
			);
		};
/* End PBXProject section */

/* Begin PBXResourcesBuildPhase section */
		8E2BCB8422CB04F1003CBC1A /* Resources */ = {
			isa = PBXResourcesBuildPhase;
			buildActionMask = 2147483647;
			files = (
				8E2BCB9422CB04F3003CBC1A /* LaunchScreen.storyboard in Resources */,
				8E2BCB9122CB04F3003CBC1A /* Assets.xcassets in Resources */,
				8E2BCB8F22CB04F1003CBC1A /* Main.storyboard in Resources */,
			);
			runOnlyForDeploymentPostprocessing = 0;
		};
		8E2BCB9822CB04F3003CBC1A /* Resources */ = {
			isa = PBXResourcesBuildPhase;
			buildActionMask = 2147483647;
			files = (
			);
			runOnlyForDeploymentPostprocessing = 0;
		};
		8E2BCBA322CB04F3003CBC1A /* Resources */ = {
			isa = PBXResourcesBuildPhase;
			buildActionMask = 2147483647;
			files = (
			);
			runOnlyForDeploymentPostprocessing = 0;
		};
/* End PBXResourcesBuildPhase section */

/* Begin PBXSourcesBuildPhase section */
		8E2BCB8222CB04F1003CBC1A /* Sources */ = {
			isa = PBXSourcesBuildPhase;
			buildActionMask = 2147483647;
			files = (
				8E2BCB8C22CB04F1003CBC1A /* ViewController.swift in Sources */,
				8E2BCB8A22CB04F1003CBC1A /* AppDelegate.swift in Sources */,
				8E2BCBB822CB0508003CBC1A /* IWBadgeSegment.swift in Sources */,
			);
			runOnlyForDeploymentPostprocessing = 0;
		};
		8E2BCB9622CB04F3003CBC1A /* Sources */ = {
			isa = PBXSourcesBuildPhase;
			buildActionMask = 2147483647;
			files = (
				8E2BCB9F22CB04F3003CBC1A /* CustomeBadgeSegmentDemoTests.swift in Sources */,
			);
			runOnlyForDeploymentPostprocessing = 0;
		};
		8E2BCBA122CB04F3003CBC1A /* Sources */ = {
			isa = PBXSourcesBuildPhase;
			buildActionMask = 2147483647;
			files = (
				8E2BCBAA22CB04F3003CBC1A /* CustomeBadgeSegmentDemoUITests.swift in Sources */,
			);
			runOnlyForDeploymentPostprocessing = 0;
		};
/* End PBXSourcesBuildPhase section */

/* Begin PBXTargetDependency section */
		8E2BCB9C22CB04F3003CBC1A /* PBXTargetDependency */ = {
			isa = PBXTargetDependency;
			target = 8E2BCB8522CB04F1003CBC1A /* CustomeBadgeSegmentDemo */;
			targetProxy = 8E2BCB9B22CB04F3003CBC1A /* PBXContainerItemProxy */;
		};
		8E2BCBA722CB04F3003CBC1A /* PBXTargetDependency */ = {
			isa = PBXTargetDependency;
			target = 8E2BCB8522CB04F1003CBC1A /* CustomeBadgeSegmentDemo */;
			targetProxy = 8E2BCBA622CB04F3003CBC1A /* PBXContainerItemProxy */;
		};
/* End PBXTargetDependency section */

/* Begin PBXVariantGroup section */
		8E2BCB8D22CB04F1003CBC1A /* Main.storyboard */ = {
			isa = PBXVariantGroup;
			children = (
				8E2BCB8E22CB04F1003CBC1A /* Base */,
			);
			name = Main.storyboard;
			sourceTree = "<group>";
		};
		8E2BCB9222CB04F3003CBC1A /* LaunchScreen.storyboard */ = {
			isa = PBXVariantGroup;
			children = (
				8E2BCB9322CB04F3003CBC1A /* Base */,
			);
			name = LaunchScreen.storyboard;
			sourceTree = "<group>";
		};
/* End PBXVariantGroup section */

/* Begin XCBuildConfiguration section */
		8E2BCBAC22CB04F3003CBC1A /* Debug */ = {
			isa = XCBuildConfiguration;
			buildSettings = {
				ALWAYS_SEARCH_USER_PATHS = NO;
				CLANG_ANALYZER_NONNULL = YES;
				CLANG_ANALYZER_NUMBER_OBJECT_CONVERSION = YES_AGGRESSIVE;
				CLANG_CXX_LANGUAGE_STANDARD = "gnu++14";
				CLANG_CXX_LIBRARY = "libc++";
				CLANG_ENABLE_MODULES = YES;
				CLANG_ENABLE_OBJC_ARC = YES;
				CLANG_ENABLE_OBJC_WEAK = YES;
				CLANG_WARN_BLOCK_CAPTURE_AUTORELEASING = YES;
				CLANG_WARN_BOOL_CONVERSION = YES;
				CLANG_WARN_COMMA = YES;
				CLANG_WARN_CONSTANT_CONVERSION = YES;
				CLANG_WARN_DEPRECATED_OBJC_IMPLEMENTATIONS = YES;
				CLANG_WARN_DIRECT_OBJC_ISA_USAGE = YES_ERROR;
				CLANG_WARN_DOCUMENTATION_COMMENTS = YES;
				CLANG_WARN_EMPTY_BODY = YES;
				CLANG_WARN_ENUM_CONVERSION = YES;
				CLANG_WARN_INFINITE_RECURSION = YES;
				CLANG_WARN_INT_CONVERSION = YES;
				CLANG_WARN_NON_LITERAL_NULL_CONVERSION = YES;
				CLANG_WARN_OBJC_IMPLICIT_RETAIN_SELF = YES;
				CLANG_WARN_OBJC_LITERAL_CONVERSION = YES;
				CLANG_WARN_OBJC_ROOT_CLASS = YES_ERROR;
				CLANG_WARN_RANGE_LOOP_ANALYSIS = YES;
				CLANG_WARN_STRICT_PROTOTYPES = YES;
				CLANG_WARN_SUSPICIOUS_MOVE = YES;
				CLANG_WARN_UNGUARDED_AVAILABILITY = YES_AGGRESSIVE;
				CLANG_WARN_UNREACHABLE_CODE = YES;
				CLANG_WARN__DUPLICATE_METHOD_MATCH = YES;
				CODE_SIGN_IDENTITY = "iPhone Developer";
				COPY_PHASE_STRIP = NO;
				DEBUG_INFORMATION_FORMAT = dwarf;
				ENABLE_STRICT_OBJC_MSGSEND = YES;
				ENABLE_TESTABILITY = YES;
				GCC_C_LANGUAGE_STANDARD = gnu11;
				GCC_DYNAMIC_NO_PIC = NO;
				GCC_NO_COMMON_BLOCKS = YES;
				GCC_OPTIMIZATION_LEVEL = 0;
				GCC_PREPROCESSOR_DEFINITIONS = (
					"DEBUG=1",
					"$(inherited)",
				);
				GCC_WARN_64_TO_32_BIT_CONVERSION = YES;
				GCC_WARN_ABOUT_RETURN_TYPE = YES_ERROR;
				GCC_WARN_UNDECLARED_SELECTOR = YES;
				GCC_WARN_UNINITIALIZED_AUTOS = YES_AGGRESSIVE;
				GCC_WARN_UNUSED_FUNCTION = YES;
				GCC_WARN_UNUSED_VARIABLE = YES;
				IPHONEOS_DEPLOYMENT_TARGET = 12.2;
				MTL_ENABLE_DEBUG_INFO = INCLUDE_SOURCE;
				MTL_FAST_MATH = YES;
				ONLY_ACTIVE_ARCH = YES;
				SDKROOT = iphoneos;
				SWIFT_ACTIVE_COMPILATION_CONDITIONS = DEBUG;
				SWIFT_OPTIMIZATION_LEVEL = "-Onone";
			};
			name = Debug;
		};
		8E2BCBAD22CB04F3003CBC1A /* Release */ = {
			isa = XCBuildConfiguration;
			buildSettings = {
				ALWAYS_SEARCH_USER_PATHS = NO;
				CLANG_ANALYZER_NONNULL = YES;
				CLANG_ANALYZER_NUMBER_OBJECT_CONVERSION = YES_AGGRESSIVE;
				CLANG_CXX_LANGUAGE_STANDARD = "gnu++14";
				CLANG_CXX_LIBRARY = "libc++";
				CLANG_ENABLE_MODULES = YES;
				CLANG_ENABLE_OBJC_ARC = YES;
				CLANG_ENABLE_OBJC_WEAK = YES;
				CLANG_WARN_BLOCK_CAPTURE_AUTORELEASING = YES;
				CLANG_WARN_BOOL_CONVERSION = YES;
				CLANG_WARN_COMMA = YES;
				CLANG_WARN_CONSTANT_CONVERSION = YES;
				CLANG_WARN_DEPRECATED_OBJC_IMPLEMENTATIONS = YES;
				CLANG_WARN_DIRECT_OBJC_ISA_USAGE = YES_ERROR;
				CLANG_WARN_DOCUMENTATION_COMMENTS = YES;
				CLANG_WARN_EMPTY_BODY = YES;
				CLANG_WARN_ENUM_CONVERSION = YES;
				CLANG_WARN_INFINITE_RECURSION = YES;
				CLANG_WARN_INT_CONVERSION = YES;
				CLANG_WARN_NON_LITERAL_NULL_CONVERSION = YES;
				CLANG_WARN_OBJC_IMPLICIT_RETAIN_SELF = YES;
				CLANG_WARN_OBJC_LITERAL_CONVERSION = YES;
				CLANG_WARN_OBJC_ROOT_CLASS = YES_ERROR;
				CLANG_WARN_RANGE_LOOP_ANALYSIS = YES;
				CLANG_WARN_STRICT_PROTOTYPES = YES;
				CLANG_WARN_SUSPICIOUS_MOVE = YES;
				CLANG_WARN_UNGUARDED_AVAILABILITY = YES_AGGRESSIVE;
				CLANG_WARN_UNREACHABLE_CODE = YES;
				CLANG_WARN__DUPLICATE_METHOD_MATCH = YES;
				CODE_SIGN_IDENTITY = "iPhone Developer";
				COPY_PHASE_STRIP = NO;
				DEBUG_INFORMATION_FORMAT = "dwarf-with-dsym";
				ENABLE_NS_ASSERTIONS = NO;
				ENABLE_STRICT_OBJC_MSGSEND = YES;
				GCC_C_LANGUAGE_STANDARD = gnu11;
				GCC_NO_COMMON_BLOCKS = YES;
				GCC_WARN_64_TO_32_BIT_CONVERSION = YES;
				GCC_WARN_ABOUT_RETURN_TYPE = YES_ERROR;
				GCC_WARN_UNDECLARED_SELECTOR = YES;
				GCC_WARN_UNINITIALIZED_AUTOS = YES_AGGRESSIVE;
				GCC_WARN_UNUSED_FUNCTION = YES;
				GCC_WARN_UNUSED_VARIABLE = YES;
				IPHONEOS_DEPLOYMENT_TARGET = 12.2;
				MTL_ENABLE_DEBUG_INFO = NO;
				MTL_FAST_MATH = YES;
				SDKROOT = iphoneos;
				SWIFT_COMPILATION_MODE = wholemodule;
				SWIFT_OPTIMIZATION_LEVEL = "-O";
				VALIDATE_PRODUCT = YES;
			};
			name = Release;
		};
		8E2BCBAF22CB04F3003CBC1A /* Debug */ = {
			isa = XCBuildConfiguration;
			buildSettings = {
				ASSETCATALOG_COMPILER_APPICON_NAME = AppIcon;
				CODE_SIGN_STYLE = Automatic;
				INFOPLIST_FILE = CustomeBadgeSegmentDemo/Info.plist;
				IPHONEOS_DEPLOYMENT_TARGET = 9.0;
				LD_RUNPATH_SEARCH_PATHS = (
					"$(inherited)",
					"@executable_path/Frameworks",
				);
				PRODUCT_BUNDLE_IDENTIFIER = "-11111.CustomeBadgeSegmentDemo";
				PRODUCT_NAME = "$(TARGET_NAME)";
				SWIFT_VERSION = 5.0;
				TARGETED_DEVICE_FAMILY = "1,2";
			};
			name = Debug;
		};
		8E2BCBB022CB04F3003CBC1A /* Release */ = {
			isa = XCBuildConfiguration;
			buildSettings = {
				ASSETCATALOG_COMPILER_APPICON_NAME = AppIcon;
				CODE_SIGN_STYLE = Automatic;
				INFOPLIST_FILE = CustomeBadgeSegmentDemo/Info.plist;
				IPHONEOS_DEPLOYMENT_TARGET = 9.0;
				LD_RUNPATH_SEARCH_PATHS = (
					"$(inherited)",
					"@executable_path/Frameworks",
				);
				PRODUCT_BUNDLE_IDENTIFIER = "-11111.CustomeBadgeSegmentDemo";
				PRODUCT_NAME = "$(TARGET_NAME)";
				SWIFT_VERSION = 5.0;
				TARGETED_DEVICE_FAMILY = "1,2";
			};
			name = Release;
		};
		8E2BCBB222CB04F3003CBC1A /* Debug */ = {
			isa = XCBuildConfiguration;
			buildSettings = {
				ALWAYS_EMBED_SWIFT_STANDARD_LIBRARIES = YES;
				BUNDLE_LOADER = "$(TEST_HOST)";
				CODE_SIGN_STYLE = Automatic;
				INFOPLIST_FILE = CustomeBadgeSegmentDemoTests/Info.plist;
				LD_RUNPATH_SEARCH_PATHS = (
					"$(inherited)",
					"@executable_path/Frameworks",
					"@loader_path/Frameworks",
				);
				PRODUCT_BUNDLE_IDENTIFIER = "-11111.CustomeBadgeSegmentDemoTests";
				PRODUCT_NAME = "$(TARGET_NAME)";
				SWIFT_VERSION = 5.0;
				TARGETED_DEVICE_FAMILY = "1,2";
				TEST_HOST = "$(BUILT_PRODUCTS_DIR)/CustomeBadgeSegmentDemo.app/CustomeBadgeSegmentDemo";
			};
			name = Debug;
		};
		8E2BCBB322CB04F3003CBC1A /* Release */ = {
			isa = XCBuildConfiguration;
			buildSettings = {
				ALWAYS_EMBED_SWIFT_STANDARD_LIBRARIES = YES;
				BUNDLE_LOADER = "$(TEST_HOST)";
				CODE_SIGN_STYLE = Automatic;
				INFOPLIST_FILE = CustomeBadgeSegmentDemoTests/Info.plist;
				LD_RUNPATH_SEARCH_PATHS = (
					"$(inherited)",
					"@executable_path/Frameworks",
					"@loader_path/Frameworks",
				);
				PRODUCT_BUNDLE_IDENTIFIER = "-11111.CustomeBadgeSegmentDemoTests";
				PRODUCT_NAME = "$(TARGET_NAME)";
				SWIFT_VERSION = 5.0;
				TARGETED_DEVICE_FAMILY = "1,2";
				TEST_HOST = "$(BUILT_PRODUCTS_DIR)/CustomeBadgeSegmentDemo.app/CustomeBadgeSegmentDemo";
			};
			name = Release;
		};
		8E2BCBB522CB04F3003CBC1A /* Debug */ = {
			isa = XCBuildConfiguration;
			buildSettings = {
				ALWAYS_EMBED_SWIFT_STANDARD_LIBRARIES = YES;
				CODE_SIGN_STYLE = Automatic;
				INFOPLIST_FILE = CustomeBadgeSegmentDemoUITests/Info.plist;
				LD_RUNPATH_SEARCH_PATHS = (
					"$(inherited)",
					"@executable_path/Frameworks",
					"@loader_path/Frameworks",
				);
				PRODUCT_BUNDLE_IDENTIFIER = "-11111.CustomeBadgeSegmentDemoUITests";
				PRODUCT_NAME = "$(TARGET_NAME)";
				SWIFT_VERSION = 5.0;
				TARGETED_DEVICE_FAMILY = "1,2";
				TEST_TARGET_NAME = CustomeBadgeSegmentDemo;
			};
			name = Debug;
		};
		8E2BCBB622CB04F3003CBC1A /* Release */ = {
			isa = XCBuildConfiguration;
			buildSettings = {
				ALWAYS_EMBED_SWIFT_STANDARD_LIBRARIES = YES;
				CODE_SIGN_STYLE = Automatic;
				INFOPLIST_FILE = CustomeBadgeSegmentDemoUITests/Info.plist;
				LD_RUNPATH_SEARCH_PATHS = (
					"$(inherited)",
					"@executable_path/Frameworks",
					"@loader_path/Frameworks",
				);
				PRODUCT_BUNDLE_IDENTIFIER = "-11111.CustomeBadgeSegmentDemoUITests";
				PRODUCT_NAME = "$(TARGET_NAME)";
				SWIFT_VERSION = 5.0;
				TARGETED_DEVICE_FAMILY = "1,2";
				TEST_TARGET_NAME = CustomeBadgeSegmentDemo;
			};
			name = Release;
		};
/* End XCBuildConfiguration section */

/* Begin XCConfigurationList section */
		8E2BCB8122CB04F1003CBC1A /* Build configuration list for PBXProject "CustomeBadgeSegmentDemo" */ = {
			isa = XCConfigurationList;
			buildConfigurations = (
				8E2BCBAC22CB04F3003CBC1A /* Debug */,
				8E2BCBAD22CB04F3003CBC1A /* Release */,
			);
			defaultConfigurationIsVisible = 0;
			defaultConfigurationName = Release;
		};
		8E2BCBAE22CB04F3003CBC1A /* Build configuration list for PBXNativeTarget "CustomeBadgeSegmentDemo" */ = {
			isa = XCConfigurationList;
			buildConfigurations = (
				8E2BCBAF22CB04F3003CBC1A /* Debug */,
				8E2BCBB022CB04F3003CBC1A /* Release */,
			);
			defaultConfigurationIsVisible = 0;
			defaultConfigurationName = Release;
		};
		8E2BCBB122CB04F3003CBC1A /* Build configuration list for PBXNativeTarget "CustomeBadgeSegmentDemoTests" */ = {
			isa = XCConfigurationList;
			buildConfigurations = (
				8E2BCBB222CB04F3003CBC1A /* Debug */,
				8E2BCBB322CB04F3003CBC1A /* Release */,
			);
			defaultConfigurationIsVisible = 0;
			defaultConfigurationName = Release;
		};
		8E2BCBB422CB04F3003CBC1A /* Build configuration list for PBXNativeTarget "CustomeBadgeSegmentDemoUITests" */ = {
			isa = XCConfigurationList;
			buildConfigurations = (
				8E2BCBB522CB04F3003CBC1A /* Debug */,
				8E2BCBB622CB04F3003CBC1A /* Release */,
			);
			defaultConfigurationIsVisible = 0;
			defaultConfigurationName = Release;
		};
/* End XCConfigurationList section */
	};
	rootObject = 8E2BCB7E22CB04F1003CBC1A /* Project object */;
}
